
Microsoft Visual Studio Solution File, Format Version 12.00
# Visual Studio Version 17
VisualStudioVersion = 17.3.32929.385
MinimumVisualStudioVersion = 10.0.40219.1
Project("{FAE04EC0-301F-11D3-BF4B-00C04F79EFBC}") = "Producer", "Producer\Producer.csproj", "{88DE9326-EB73-472D-8B34-E9218D7352C8}"
EndProject
Project("{FAE04EC0-301F-11D3-BF4B-00C04F79EFBC}") = "Consumer", "Consumer\Consumer.csproj", "{7B831DAA-3B18-48AB-ADA0-D6ED8D202441}"
EndProject
Project("{FAE04EC0-301F-11D3-BF4B-00C04F79EFBC}") = "ConsumerTax", "ConsumerTax\ConsumerTax.csproj", "{62D6FBB7-C1A2-44D0-94EE-DE4AAEDFCEA9}"
EndProject
Global
	GlobalSection(SolutionConfigurationPlatforms) = preSolution
		Debug|Any CPU = Debug|Any CPU
		Release|Any CPU = Release|Any CPU
	EndGlobalSection
	GlobalSection(ProjectConfigurationPlatforms) = postSolution
		{88DE9326-EB73-472D-8B34-E9218D7352C8}.Debug|Any CPU.ActiveCfg = Debug|Any CPU
		{88DE9326-EB73-472D-8B34-E9218D7352C8}.Debug|Any CPU.Build.0 = Debug|Any CPU
		{88DE9326-EB73-472D-8B34-E9218D7352C8}.Release|Any CPU.ActiveCfg = Release|Any CPU
		{88DE9326-EB73-472D-8B34-E9218D7352C8}.Release|Any CPU.Build.0 = Release|Any CPU
		{7B831DAA-3B18-48AB-ADA0-D6ED8D202441}.Debug|Any CPU.ActiveCfg = Debug|Any CPU
		{7B831DAA-3B18-48AB-ADA0-D6ED8D202441}.Debug|Any CPU.Build.0 = Debug|Any CPU
		{7B831DAA-3B18-48AB-ADA0-D6ED8D202441}.Release|Any CPU.ActiveCfg = Release|Any CPU
		{7B831DAA-3B18-48AB-ADA0-D6ED8D202441}.Release|Any CPU.Build.0 = Release|Any CPU
		{62D6FBB7-C1A2-44D0-94EE-DE4AAEDFCEA9}.Debug|Any CPU.ActiveCfg = Debug|Any CPU
		{62D6FBB7-C1A2-44D0-94EE-DE4AAEDFCEA9}.Debug|Any CPU.Build.0 = Debug|Any CPU
		{62D6FBB7-C1A2-44D0-94EE-DE4AAEDFCEA9}.Release|Any CPU.ActiveCfg = Release|Any CPU
		{62D6FBB7-C1A2-44D0-94EE-DE4AAEDFCEA9}.Release|Any CPU.Build.0 = Release|Any CPU
	EndGlobalSection
	GlobalSection(SolutionProperties) = preSolution
		HideSolutionNode = FALSE
	EndGlobalSection
	GlobalSection(ExtensibilityGlobals) = postSolution
		SolutionGuid = {00CE7AED-F6C1-4DBC-BB4C-33CDBD111C87}
	EndGlobalSection
EndGlobal
